
Microsoft Visual Studio Solution File, Format Version 12.00
Project("{FAE04EC0-301F-11D3-BF4B-00C04F79EFBC}") = "Task1", "Task1\Task1.csproj", "{FD8D54B3-DD8B-4616-8442-42FEF28AFB81}"
EndProject
Project("{FAE04EC0-301F-11D3-BF4B-00C04F79EFBC}") = "Task2", "Task2\Task2.csproj", "{5675C930-AB03-4374-BB32-624908767D79}"
EndProject
Project("{FAE04EC0-301F-11D3-BF4B-00C04F79EFBC}") = "Task3", "Task3\Task3.csproj", "{A577B932-DA97-4ECF-9179-1F5F461E617C}"
EndProject
Project("{FAE04EC0-301F-11D3-BF4B-00C04F79EFBC}") = "Task4", "Task4\Task4.csproj", "{FC1646C0-E2C0-4FAA-80B2-78B058BC7465}"
EndProject
Project("{FAE04EC0-301F-11D3-BF4B-00C04F79EFBC}") = "Task5", "Task5\Task5.csproj", "{4114B665-0A76-4B99-B2F8-4E6E6CB31B02}"
EndProject
Project("{FAE04EC0-301F-11D3-BF4B-00C04F79EFBC}") = "Task7", "Task7\Task7.csproj", "{2F632C6E-193A-42E6-9670-44A0D2996C94}"
EndProject
Project("{FAE04EC0-301F-11D3-BF4B-00C04F79EFBC}") = "Task8", "Task8\Task8.csproj", "{E8C982EB-1588-4EEE-BD7D-E52BDB9ADD5F}"
EndProject
Project("{FAE04EC0-301F-11D3-BF4B-00C04F79EFBC}") = "Task10", "Task10\Task10.csproj", "{CB86A8A7-E1B5-493C-AAF3-2D1E66ACB6AB}"
EndProject
Global
	GlobalSection(SolutionConfigurationPlatforms) = preSolution
		Debug|Any CPU = Debug|Any CPU
		Release|Any CPU = Release|Any CPU
	EndGlobalSection
	GlobalSection(ProjectConfigurationPlatforms) = postSolution
		{FD8D54B3-DD8B-4616-8442-42FEF28AFB81}.Debug|Any CPU.ActiveCfg = Debug|Any CPU
		{FD8D54B3-DD8B-4616-8442-42FEF28AFB81}.Debug|Any CPU.Build.0 = Debug|Any CPU
		{FD8D54B3-DD8B-4616-8442-42FEF28AFB81}.Release|Any CPU.ActiveCfg = Release|Any CPU
		{FD8D54B3-DD8B-4616-8442-42FEF28AFB81}.Release|Any CPU.Build.0 = Release|Any CPU
		{5675C930-AB03-4374-BB32-624908767D79}.Debug|Any CPU.ActiveCfg = Debug|Any CPU
		{5675C930-AB03-4374-BB32-624908767D79}.Debug|Any CPU.Build.0 = Debug|Any CPU
		{5675C930-AB03-4374-BB32-624908767D79}.Release|Any CPU.ActiveCfg = Release|Any CPU
		{5675C930-AB03-4374-BB32-624908767D79}.Release|Any CPU.Build.0 = Release|Any CPU
		{A577B932-DA97-4ECF-9179-1F5F461E617C}.Debug|Any CPU.ActiveCfg = Debug|Any CPU
		{A577B932-DA97-4ECF-9179-1F5F461E617C}.Debug|Any CPU.Build.0 = Debug|Any CPU
		{A577B932-DA97-4ECF-9179-1F5F461E617C}.Release|Any CPU.ActiveCfg = Release|Any CPU
		{A577B932-DA97-4ECF-9179-1F5F461E617C}.Release|Any CPU.Build.0 = Release|Any CPU
		{FC1646C0-E2C0-4FAA-80B2-78B058BC7465}.Debug|Any CPU.ActiveCfg = Debug|Any CPU
		{FC1646C0-E2C0-4FAA-80B2-78B058BC7465}.Debug|Any CPU.Build.0 = Debug|Any CPU
		{FC1646C0-E2C0-4FAA-80B2-78B058BC7465}.Release|Any CPU.ActiveCfg = Release|Any CPU
		{FC1646C0-E2C0-4FAA-80B2-78B058BC7465}.Release|Any CPU.Build.0 = Release|Any CPU
		{4114B665-0A76-4B99-B2F8-4E6E6CB31B02}.Debug|Any CPU.ActiveCfg = Debug|Any CPU
		{4114B665-0A76-4B99-B2F8-4E6E6CB31B02}.Debug|Any CPU.Build.0 = Debug|Any CPU
		{4114B665-0A76-4B99-B2F8-4E6E6CB31B02}.Release|Any CPU.ActiveCfg = Release|Any CPU
		{4114B665-0A76-4B99-B2F8-4E6E6CB31B02}.Release|Any CPU.Build.0 = Release|Any CPU
		{2F632C6E-193A-42E6-9670-44A0D2996C94}.Debug|Any CPU.ActiveCfg = Debug|Any CPU
		{2F632C6E-193A-42E6-9670-44A0D2996C94}.Debug|Any CPU.Build.0 = Debug|Any CPU
		{2F632C6E-193A-42E6-9670-44A0D2996C94}.Release|Any CPU.ActiveCfg = Release|Any CPU
		{2F632C6E-193A-42E6-9670-44A0D2996C94}.Release|Any CPU.Build.0 = Release|Any CPU
		{E8C982EB-1588-4EEE-BD7D-E52BDB9ADD5F}.Debug|Any CPU.ActiveCfg = Debug|Any CPU
		{E8C982EB-1588-4EEE-BD7D-E52BDB9ADD5F}.Debug|Any CPU.Build.0 = Debug|Any CPU
		{E8C982EB-1588-4EEE-BD7D-E52BDB9ADD5F}.Release|Any CPU.ActiveCfg = Release|Any CPU
		{E8C982EB-1588-4EEE-BD7D-E52BDB9ADD5F}.Release|Any CPU.Build.0 = Release|Any CPU
		{CB86A8A7-E1B5-493C-AAF3-2D1E66ACB6AB}.Debug|Any CPU.ActiveCfg = Debug|Any CPU
		{CB86A8A7-E1B5-493C-AAF3-2D1E66ACB6AB}.Debug|Any CPU.Build.0 = Debug|Any CPU
		{CB86A8A7-E1B5-493C-AAF3-2D1E66ACB6AB}.Release|Any CPU.ActiveCfg = Release|Any CPU
		{CB86A8A7-E1B5-493C-AAF3-2D1E66ACB6AB}.Release|Any CPU.Build.0 = Release|Any CPU
	EndGlobalSection
EndGlobal
